
Microsoft Visual Studio Solution File, Format Version 12.00
# Visual Studio Version 17
VisualStudioVersion = 17.4.33110.190
MinimumVisualStudioVersion = 10.0.40219.1
Project("{FAE04EC0-301F-11D3-BF4B-00C04F79EFBC}") = "IM_BACKEND", "IM_BACKEND\IM_BACKEND.csproj", "{478BD3BB-074C-4493-B7FC-280BC02B3BB5}"
EndProject
Global
	GlobalSection(SolutionConfigurationPlatforms) = preSolution
		Debug|Any CPU = Debug|Any CPU
		Release|Any CPU = Release|Any CPU
	EndGlobalSection
	GlobalSection(ProjectConfigurationPlatforms) = postSolution
		{478BD3BB-074C-4493-B7FC-280BC02B3BB5}.Debug|Any CPU.ActiveCfg = Debug|Any CPU
		{478BD3BB-074C-4493-B7FC-280BC02B3BB5}.Debug|Any CPU.Build.0 = Debug|Any CPU
		{478BD3BB-074C-4493-B7FC-280BC02B3BB5}.Release|Any CPU.ActiveCfg = Release|Any CPU
		{478BD3BB-074C-4493-B7FC-280BC02B3BB5}.Release|Any CPU.Build.0 = Release|Any CPU
	EndGlobalSection
	GlobalSection(SolutionProperties) = preSolution
		HideSolutionNode = FALSE
	EndGlobalSection
	GlobalSection(ExtensibilityGlobals) = postSolution
		SolutionGuid = {500F8C0C-507E-4EA4-8DB6-93915C1E5B78}
	EndGlobalSection
EndGlobal
